// !$*UTF8*$!
{
	archiveVersion = 1;
	classes = {
	};
	objectVersion = 51;
	objects = {

/* Begin PBXBuildFile section */
		01141DF025669E6500E8CDE2 /* AppDelegate.swift in Sources */ = {isa = PBXBuildFile; fileRef = 01141DEF25669E6500E8CDE2 /* AppDelegate.swift */; };
		01141DF225669E6500E8CDE2 /* SceneDelegate.swift in Sources */ = {isa = PBXBuildFile; fileRef = 01141DF125669E6500E8CDE2 /* SceneDelegate.swift */; };
		01141DFA25669E6500E8CDE2 /* Ground.xcdatamodeld in Sources */ = {isa = PBXBuildFile; fileRef = 01141DF825669E6500E8CDE2 /* Ground.xcdatamodeld */; };
		01141DFC25669E6600E8CDE2 /* Assets.xcassets in Resources */ = {isa = PBXBuildFile; fileRef = 01141DFB25669E6600E8CDE2 /* Assets.xcassets */; };
		01141DFF25669E6600E8CDE2 /* LaunchScreen.storyboard in Resources */ = {isa = PBXBuildFile; fileRef = 01141DFD25669E6600E8CDE2 /* LaunchScreen.storyboard */; };
		01141E0F2566A14A00E8CDE2 /* GroundAssembly.swift in Sources */ = {isa = PBXBuildFile; fileRef = 01141E0E2566A14A00E8CDE2 /* GroundAssembly.swift */; };
		01141E112566A15A00E8CDE2 /* GroundCoordinator.swift in Sources */ = {isa = PBXBuildFile; fileRef = 01141E102566A15A00E8CDE2 /* GroundCoordinator.swift */; };
		011CF3C025AE2C1E00C27121 /* ProductTableViewCell.swift in Sources */ = {isa = PBXBuildFile; fileRef = 011CF3BF25AE2C1E00C27121 /* ProductTableViewCell.swift */; };
		011CF3C325AE2C3200C27121 /* ProductInfoTableViewCell.swift in Sources */ = {isa = PBXBuildFile; fileRef = 011CF3C225AE2C3200C27121 /* ProductInfoTableViewCell.swift */; };
		011CF3CD25AE429500C27121 /* PaginationCollectionView.swift in Sources */ = {isa = PBXBuildFile; fileRef = 011CF3CC25AE429500C27121 /* PaginationCollectionView.swift */; };
		011CF3D025AE5EB700C27121 /* Array.swift in Sources */ = {isa = PBXBuildFile; fileRef = 011CF3CF25AE5EB700C27121 /* Array.swift */; };
		011CF3DC25AFA8CB00C27121 /* MultipleView.swift in Sources */ = {isa = PBXBuildFile; fileRef = 011CF3DB25AFA8CB00C27121 /* MultipleView.swift */; };
		013456CF25B8DA9A00CB42C4 /* InstallationProductViewController.swift in Sources */ = {isa = PBXBuildFile; fileRef = 013456CE25B8DA9A00CB42C4 /* InstallationProductViewController.swift */; };
		013456D625B8DF4000CB42C4 /* YouTubeTableViewCell.swift in Sources */ = {isa = PBXBuildFile; fileRef = 013456D525B8DF4000CB42C4 /* YouTubeTableViewCell.swift */; };
		013456D925B8E21300CB42C4 /* YouTubePresenter.swift in Sources */ = {isa = PBXBuildFile; fileRef = 013456D825B8E21300CB42C4 /* YouTubePresenter.swift */; };
		013456DC25B8E22100CB42C4 /* YouTubeInteractor.swift in Sources */ = {isa = PBXBuildFile; fileRef = 013456DB25B8E22100CB42C4 /* YouTubeInteractor.swift */; };
		0134572F25BA0E4500CB42C4 /* ButtonWithArrow.swift in Sources */ = {isa = PBXBuildFile; fileRef = 0134572E25BA0E4500CB42C4 /* ButtonWithArrow.swift */; };
		01488A9125CB33800096D994 /* NavigationBar.swift in Sources */ = {isa = PBXBuildFile; fileRef = 01488A9025CB33800096D994 /* NavigationBar.swift */; };
		01488AAC25CC90D30096D994 /* AppColor.swift in Sources */ = {isa = PBXBuildFile; fileRef = 01488AAB25CC90D30096D994 /* AppColor.swift */; };
		01595ED52571876200934F9C /* GroundTabBarController.swift in Sources */ = {isa = PBXBuildFile; fileRef = 01595ED42571876200934F9C /* GroundTabBarController.swift */; };
		01595ED72571877600934F9C /* GroundTabBarPresenter.swift in Sources */ = {isa = PBXBuildFile; fileRef = 01595ED62571877600934F9C /* GroundTabBarPresenter.swift */; };
		01595ED92571879400934F9C /* GroundTabBarInteractor.swift in Sources */ = {isa = PBXBuildFile; fileRef = 01595ED82571879400934F9C /* GroundTabBarInteractor.swift */; };
		01595EDB2571892C00934F9C /* FirstNavigationController.swift in Sources */ = {isa = PBXBuildFile; fileRef = 01595EDA2571892C00934F9C /* FirstNavigationController.swift */; };
		01595EDD2571897100934F9C /* SecondNavigationController.swift in Sources */ = {isa = PBXBuildFile; fileRef = 01595EDC2571897100934F9C /* SecondNavigationController.swift */; };
		01595EDF257189B100934F9C /* ThirdNavigationController.swift in Sources */ = {isa = PBXBuildFile; fileRef = 01595EDE257189B100934F9C /* ThirdNavigationController.swift */; };
		01595EE125718B5F00934F9C /* ServiceAssembly.swift in Sources */ = {isa = PBXBuildFile; fileRef = 01595EE025718B5F00934F9C /* ServiceAssembly.swift */; };
		01595EE325718B7500934F9C /* FirstService.swift in Sources */ = {isa = PBXBuildFile; fileRef = 01595EE225718B7500934F9C /* FirstService.swift */; };
		01595EE525718BB800934F9C /* SecondService.swift in Sources */ = {isa = PBXBuildFile; fileRef = 01595EE425718BB800934F9C /* SecondService.swift */; };
		01595EE725718C6E00934F9C /* FirstModel.swift in Sources */ = {isa = PBXBuildFile; fileRef = 01595EE625718C6E00934F9C /* FirstModel.swift */; };
		01595EEA25718E3900934F9C /* ProductDetailViewController.swift in Sources */ = {isa = PBXBuildFile; fileRef = 01595EE825718E3900934F9C /* ProductDetailViewController.swift */; };
		01595EEF25718E7900934F9C /* ProductDetailPresenter.swift in Sources */ = {isa = PBXBuildFile; fileRef = 01595EEC25718E7900934F9C /* ProductDetailPresenter.swift */; };
		01595EF025718E7900934F9C /* ProductDetailInteractor.swift in Sources */ = {isa = PBXBuildFile; fileRef = 01595EED25718E7900934F9C /* ProductDetailInteractor.swift */; };
		01595EF425718EA100934F9C /* SecondScreenSMViewController.swift in Sources */ = {isa = PBXBuildFile; fileRef = 01595EF225718EA100934F9C /* SecondScreenSMViewController.swift */; };
		01595EF925718EBD00934F9C /* SecondScreenSMPresenter.swift in Sources */ = {isa = PBXBuildFile; fileRef = 01595EF625718EBD00934F9C /* SecondScreenSMPresenter.swift */; };
		01595EFA25718EBD00934F9C /* SecondScreenSMInteractor.swift in Sources */ = {isa = PBXBuildFile; fileRef = 01595EF725718EBD00934F9C /* SecondScreenSMInteractor.swift */; };
		01595F022571901E00934F9C /* SearchViewController.swift in Sources */ = {isa = PBXBuildFile; fileRef = 01595F002571901E00934F9C /* SearchViewController.swift */; };
		01595F072571902C00934F9C /* SearchPresenter.swift in Sources */ = {isa = PBXBuildFile; fileRef = 01595F042571902C00934F9C /* SearchPresenter.swift */; };
		01595F082571902C00934F9C /* FirstScreenSMInteractor.swift in Sources */ = {isa = PBXBuildFile; fileRef = 01595F052571902C00934F9C /* FirstScreenSMInteractor.swift */; };
		01595F0C2571904E00934F9C /* FirstScreenTMViewController.swift in Sources */ = {isa = PBXBuildFile; fileRef = 01595F0A2571904E00934F9C /* FirstScreenTMViewController.swift */; };
		01595F112571905900934F9C /* FirstScreenTMPresenter.swift in Sources */ = {isa = PBXBuildFile; fileRef = 01595F0E2571905900934F9C /* FirstScreenTMPresenter.swift */; };
		01595F122571905900934F9C /* FirstScreenTMInteractor.swift in Sources */ = {isa = PBXBuildFile; fileRef = 01595F0F2571905900934F9C /* FirstScreenTMInteractor.swift */; };
		01595F162571906D00934F9C /* SecondScreenTMViewController.swift in Sources */ = {isa = PBXBuildFile; fileRef = 01595F142571906D00934F9C /* SecondScreenTMViewController.swift */; };
		01595F1B2571907B00934F9C /* SecondScreenTMPresenter.swift in Sources */ = {isa = PBXBuildFile; fileRef = 01595F182571907B00934F9C /* SecondScreenTMPresenter.swift */; };
		01595F1C2571907B00934F9C /* SecondScreenTMInteractor.swift in Sources */ = {isa = PBXBuildFile; fileRef = 01595F192571907B00934F9C /* SecondScreenTMInteractor.swift */; };
		01595F20257190AD00934F9C /* IzolyatorMainViewController.swift in Sources */ = {isa = PBXBuildFile; fileRef = 01595F1E257190AD00934F9C /* IzolyatorMainViewController.swift */; };
		01595F25257190BB00934F9C /* IzolyatorMainPresenter.swift in Sources */ = {isa = PBXBuildFile; fileRef = 01595F22257190BB00934F9C /* IzolyatorMainPresenter.swift */; };
		01595F26257190BB00934F9C /* IzolyatorMainInteractor.swift in Sources */ = {isa = PBXBuildFile; fileRef = 01595F23257190BB00934F9C /* IzolyatorMainInteractor.swift */; };
		015F794E25C358660032BE7B /* ProductListTableViewCell.swift in Sources */ = {isa = PBXBuildFile; fileRef = 015F794D25C358660032BE7B /* ProductListTableViewCell.swift */; };
		015F796B25C491990032BE7B /* ArViewController.swift in Sources */ = {isa = PBXBuildFile; fileRef = 015F796A25C491990032BE7B /* ArViewController.swift */; };
		015F798725C729BE0032BE7B /* ARViewController.swift in Sources */ = {isa = PBXBuildFile; fileRef = 015F798625C729BE0032BE7B /* ARViewController.swift */; };
		015F798B25C72B340032BE7B /* art.scnassets in Resources */ = {isa = PBXBuildFile; fileRef = 015F798A25C72B340032BE7B /* art.scnassets */; };
		015F799025C73D590032BE7B /* UIViewController.swift in Sources */ = {isa = PBXBuildFile; fileRef = 015F798F25C73D590032BE7B /* UIViewController.swift */; };
		0181F45B25C80624002D27F6 /* CatalogModel.swift in Sources */ = {isa = PBXBuildFile; fileRef = 0181F45A25C80624002D27F6 /* CatalogModel.swift */; };
		0187750425A25DEA00C171E5 /* UIView.swift in Sources */ = {isa = PBXBuildFile; fileRef = 0187750325A25DEA00C171E5 /* UIView.swift */; };
		0187750825A25E4400C171E5 /* UIColor+hex.swift in Sources */ = {isa = PBXBuildFile; fileRef = 0187750725A25E4400C171E5 /* UIColor+hex.swift */; };
		0187755725A25F5800C171E5 /* DefaultLayout.swift in Sources */ = {isa = PBXBuildFile; fileRef = 0187755625A25F5800C171E5 /* DefaultLayout.swift */; };
		0187755F25A260A000C171E5 /* Gap.swift in Sources */ = {isa = PBXBuildFile; fileRef = 0187755E25A260A000C171E5 /* Gap.swift */; };
		0187756225A260DF00C171E5 /* Padding.swift in Sources */ = {isa = PBXBuildFile; fileRef = 0187756125A260DF00C171E5 /* Padding.swift */; };
		0187756525A2612600C171E5 /* Margin.swift in Sources */ = {isa = PBXBuildFile; fileRef = 0187756425A2612600C171E5 /* Margin.swift */; };
		0187756825A2619400C171E5 /* NSLayoutAnchor.swift in Sources */ = {isa = PBXBuildFile; fileRef = 0187756725A2619400C171E5 /* NSLayoutAnchor.swift */; };
		0187756C25A2645200C171E5 /* ScreenSizeMapper.swift in Sources */ = {isa = PBXBuildFile; fileRef = 0187756B25A2645200C171E5 /* ScreenSizeMapper.swift */; };
		0187757425A265D000C171E5 /* NSLayoutConstraint.swift in Sources */ = {isa = PBXBuildFile; fileRef = 0187757325A265D000C171E5 /* NSLayoutConstraint.swift */; };
		0189148E25B0E742004204A4 /* LightPalette.swift in Sources */ = {isa = PBXBuildFile; fileRef = 0189148D25B0E742004204A4 /* LightPalette.swift */; };
		0189149225B0E7AC004204A4 /* Color.swift in Sources */ = {isa = PBXBuildFile; fileRef = 0189149125B0E7AC004204A4 /* Color.swift */; };
		0189149625B0E7CF004204A4 /* DarkPalette.swift in Sources */ = {isa = PBXBuildFile; fileRef = 0189149525B0E7CF004204A4 /* DarkPalette.swift */; };
		01A24D1425B3B43900D876BE /* ExamleData.swift in Sources */ = {isa = PBXBuildFile; fileRef = 01A24D1325B3B43900D876BE /* ExamleData.swift */; };
		01A24D1725B3B4D800D876BE /* CollapsibleTableViewCell.swift in Sources */ = {isa = PBXBuildFile; fileRef = 01A24D1625B3B4D800D876BE /* CollapsibleTableViewCell.swift */; };
		01A24D1C25B3B4F600D876BE /* CollapsibleTableViewHeader.swift in Sources */ = {isa = PBXBuildFile; fileRef = 01A24D1B25B3B4F600D876BE /* CollapsibleTableViewHeader.swift */; };
		01AC5D0A25BC6FB700D21B9A /* UITableView.swift in Sources */ = {isa = PBXBuildFile; fileRef = 01AC5D0925BC6FB700D21B9A /* UITableView.swift */; };
		01AC5D0D25BC782D00D21B9A /* ManualViewController.swift in Sources */ = {isa = PBXBuildFile; fileRef = 01AC5D0C25BC782D00D21B9A /* ManualViewController.swift */; };
		01AC5D1025BC78C100D21B9A /* manual.pdf in Resources */ = {isa = PBXBuildFile; fileRef = 01AC5D0F25BC78C100D21B9A /* manual.pdf */; };
		01AC5D1925BCD42C00D21B9A /* MainBackGroundView.swift in Sources */ = {isa = PBXBuildFile; fileRef = 01AC5D1825BCD42C00D21B9A /* MainBackGroundView.swift */; };
		01AC5D1E25BE1D1700D21B9A /* ManualHeaderView.swift in Sources */ = {isa = PBXBuildFile; fileRef = 01AC5D1D25BE1D1700D21B9A /* ManualHeaderView.swift */; };
		01AF2FCB2592ABE40065699A /* converse_obj.obj in Resources */ = {isa = PBXBuildFile; fileRef = 01AF2FC62592ABE40065699A /* converse_obj.obj */; };
		01AF2FCC2592ABE40065699A /* laces.jpg in Resources */ = {isa = PBXBuildFile; fileRef = 01AF2FC72592ABE40065699A /* laces.jpg */; };
		01AF2FCD2592ABE40065699A /* converse.jpg in Resources */ = {isa = PBXBuildFile; fileRef = 01AF2FC82592ABE40065699A /* converse.jpg */; };
		01AF2FCE2592ABE40065699A /* converse_bump.jpg in Resources */ = {isa = PBXBuildFile; fileRef = 01AF2FC92592ABE40065699A /* converse_bump.jpg */; };
		01AF2FCF2592ABE40065699A /* converse_obj.mtl in Resources */ = {isa = PBXBuildFile; fileRef = 01AF2FCA2592ABE40065699A /* converse_obj.mtl */; };
		01B1E84125B0F57700648E5C /* LaunchScreen.swift in Sources */ = {isa = PBXBuildFile; fileRef = 01B1E84025B0F57700648E5C /* LaunchScreen.swift */; };
		01B9630D25CDBB4400CEC455 /* UIFont.swift in Sources */ = {isa = PBXBuildFile; fileRef = 01B9630C25CDBB4400CEC455 /* UIFont.swift */; };
		01D173B925B4947D00E51FBB /* product.pdf in Resources */ = {isa = PBXBuildFile; fileRef = 01D173B825B4947D00E51FBB /* product.pdf */; };
		01D55F5425AB98DF004FB02F /* PagingCollectionViewLayout.swift in Sources */ = {isa = PBXBuildFile; fileRef = 01D55F5325AB98DF004FB02F /* PagingCollectionViewLayout.swift */; };
		9F4E9504395533B5147B4607 /* Pods_Izolyator.framework in Frameworks */ = {isa = PBXBuildFile; fileRef = 9583DF7FFAA2B67A72DE8CDF /* Pods_Izolyator.framework */; };
/* End PBXBuildFile section */

/* Begin PBXFileReference section */
		01141DEC25669E6500E8CDE2 /* Izolyator.app */ = {isa = PBXFileReference; explicitFileType = wrapper.application; includeInIndex = 0; path = Izolyator.app; sourceTree = BUILT_PRODUCTS_DIR; };
		01141DEF25669E6500E8CDE2 /* AppDelegate.swift */ = {isa = PBXFileReference; lastKnownFileType = sourcecode.swift; path = AppDelegate.swift; sourceTree = "<group>"; };
		01141DF125669E6500E8CDE2 /* SceneDelegate.swift */ = {isa = PBXFileReference; lastKnownFileType = sourcecode.swift; path = SceneDelegate.swift; sourceTree = "<group>"; };
		01141DF925669E6500E8CDE2 /* Ground.xcdatamodel */ = {isa = PBXFileReference; lastKnownFileType = wrapper.xcdatamodel; path = Ground.xcdatamodel; sourceTree = "<group>"; };
		01141DFB25669E6600E8CDE2 /* Assets.xcassets */ = {isa = PBXFileReference; lastKnownFileType = folder.assetcatalog; path = Assets.xcassets; sourceTree = "<group>"; };
		01141DFE25669E6600E8CDE2 /* Base */ = {isa = PBXFileReference; lastKnownFileType = file.storyboard; name = Base; path = Base.lproj/LaunchScreen.storyboard; sourceTree = "<group>"; };
		01141E0025669E6600E8CDE2 /* Info.plist */ = {isa = PBXFileReference; lastKnownFileType = text.plist.xml; path = Info.plist; sourceTree = "<group>"; };
		01141E0E2566A14A00E8CDE2 /* GroundAssembly.swift */ = {isa = PBXFileReference; lastKnownFileType = sourcecode.swift; path = GroundAssembly.swift; sourceTree = "<group>"; };
		01141E102566A15A00E8CDE2 /* GroundCoordinator.swift */ = {isa = PBXFileReference; lastKnownFileType = sourcecode.swift; path = GroundCoordinator.swift; sourceTree = "<group>"; };
		011CF3BF25AE2C1E00C27121 /* ProductTableViewCell.swift */ = {isa = PBXFileReference; lastKnownFileType = sourcecode.swift; path = ProductTableViewCell.swift; sourceTree = "<group>"; };
		011CF3C225AE2C3200C27121 /* ProductInfoTableViewCell.swift */ = {isa = PBXFileReference; lastKnownFileType = sourcecode.swift; path = ProductInfoTableViewCell.swift; sourceTree = "<group>"; };
		011CF3CC25AE429500C27121 /* PaginationCollectionView.swift */ = {isa = PBXFileReference; lastKnownFileType = sourcecode.swift; path = PaginationCollectionView.swift; sourceTree = "<group>"; };
		011CF3CF25AE5EB700C27121 /* Array.swift */ = {isa = PBXFileReference; lastKnownFileType = sourcecode.swift; path = Array.swift; sourceTree = "<group>"; };
		011CF3DB25AFA8CB00C27121 /* MultipleView.swift */ = {isa = PBXFileReference; lastKnownFileType = sourcecode.swift; path = MultipleView.swift; sourceTree = "<group>"; };
		013456CE25B8DA9A00CB42C4 /* InstallationProductViewController.swift */ = {isa = PBXFileReference; lastKnownFileType = sourcecode.swift; path = InstallationProductViewController.swift; sourceTree = "<group>"; };
		013456D525B8DF4000CB42C4 /* YouTubeTableViewCell.swift */ = {isa = PBXFileReference; lastKnownFileType = sourcecode.swift; path = YouTubeTableViewCell.swift; sourceTree = "<group>"; };
		013456D825B8E21300CB42C4 /* YouTubePresenter.swift */ = {isa = PBXFileReference; lastKnownFileType = sourcecode.swift; path = YouTubePresenter.swift; sourceTree = "<group>"; };
		013456DB25B8E22100CB42C4 /* YouTubeInteractor.swift */ = {isa = PBXFileReference; lastKnownFileType = sourcecode.swift; path = YouTubeInteractor.swift; sourceTree = "<group>"; };
		0134572E25BA0E4500CB42C4 /* ButtonWithArrow.swift */ = {isa = PBXFileReference; lastKnownFileType = sourcecode.swift; path = ButtonWithArrow.swift; sourceTree = "<group>"; };
		01488A9025CB33800096D994 /* NavigationBar.swift */ = {isa = PBXFileReference; lastKnownFileType = sourcecode.swift; path = NavigationBar.swift; sourceTree = "<group>"; };
		01488AAB25CC90D30096D994 /* AppColor.swift */ = {isa = PBXFileReference; lastKnownFileType = sourcecode.swift; path = AppColor.swift; sourceTree = "<group>"; };
		01595ED42571876200934F9C /* GroundTabBarController.swift */ = {isa = PBXFileReference; lastKnownFileType = sourcecode.swift; path = GroundTabBarController.swift; sourceTree = "<group>"; };
		01595ED62571877600934F9C /* GroundTabBarPresenter.swift */ = {isa = PBXFileReference; lastKnownFileType = sourcecode.swift; path = GroundTabBarPresenter.swift; sourceTree = "<group>"; };
		01595ED82571879400934F9C /* GroundTabBarInteractor.swift */ = {isa = PBXFileReference; lastKnownFileType = sourcecode.swift; path = GroundTabBarInteractor.swift; sourceTree = "<group>"; };
		01595EDA2571892C00934F9C /* FirstNavigationController.swift */ = {isa = PBXFileReference; lastKnownFileType = sourcecode.swift; path = FirstNavigationController.swift; sourceTree = "<group>"; };
		01595EDC2571897100934F9C /* SecondNavigationController.swift */ = {isa = PBXFileReference; lastKnownFileType = sourcecode.swift; path = SecondNavigationController.swift; sourceTree = "<group>"; };
		01595EDE257189B100934F9C /* ThirdNavigationController.swift */ = {isa = PBXFileReference; lastKnownFileType = sourcecode.swift; path = ThirdNavigationController.swift; sourceTree = "<group>"; };
		01595EE025718B5F00934F9C /* ServiceAssembly.swift */ = {isa = PBXFileReference; lastKnownFileType = sourcecode.swift; path = ServiceAssembly.swift; sourceTree = "<group>"; };
		01595EE225718B7500934F9C /* FirstService.swift */ = {isa = PBXFileReference; lastKnownFileType = sourcecode.swift; path = FirstService.swift; sourceTree = "<group>"; };
		01595EE425718BB800934F9C /* SecondService.swift */ = {isa = PBXFileReference; lastKnownFileType = sourcecode.swift; path = SecondService.swift; sourceTree = "<group>"; };
		01595EE625718C6E00934F9C /* FirstModel.swift */ = {isa = PBXFileReference; lastKnownFileType = sourcecode.swift; path = FirstModel.swift; sourceTree = "<group>"; };
		01595EE825718E3900934F9C /* ProductDetailViewController.swift */ = {isa = PBXFileReference; lastKnownFileType = sourcecode.swift; path = ProductDetailViewController.swift; sourceTree = "<group>"; };
		01595EEC25718E7900934F9C /* ProductDetailPresenter.swift */ = {isa = PBXFileReference; lastKnownFileType = sourcecode.swift; path = ProductDetailPresenter.swift; sourceTree = "<group>"; };
		01595EED25718E7900934F9C /* ProductDetailInteractor.swift */ = {isa = PBXFileReference; lastKnownFileType = sourcecode.swift; path = ProductDetailInteractor.swift; sourceTree = "<group>"; };
		01595EF225718EA100934F9C /* SecondScreenSMViewController.swift */ = {isa = PBXFileReference; lastKnownFileType = sourcecode.swift; path = SecondScreenSMViewController.swift; sourceTree = "<group>"; };
		01595EF625718EBD00934F9C /* SecondScreenSMPresenter.swift */ = {isa = PBXFileReference; lastKnownFileType = sourcecode.swift; path = SecondScreenSMPresenter.swift; sourceTree = "<group>"; };
		01595EF725718EBD00934F9C /* SecondScreenSMInteractor.swift */ = {isa = PBXFileReference; lastKnownFileType = sourcecode.swift; path = SecondScreenSMInteractor.swift; sourceTree = "<group>"; };
		01595F002571901E00934F9C /* SearchViewController.swift */ = {isa = PBXFileReference; lastKnownFileType = sourcecode.swift; path = SearchViewController.swift; sourceTree = "<group>"; };
		01595F042571902C00934F9C /* SearchPresenter.swift */ = {isa = PBXFileReference; lastKnownFileType = sourcecode.swift; path = SearchPresenter.swift; sourceTree = "<group>"; };
		01595F052571902C00934F9C /* FirstScreenSMInteractor.swift */ = {isa = PBXFileReference; lastKnownFileType = sourcecode.swift; path = FirstScreenSMInteractor.swift; sourceTree = "<group>"; };
		01595F0A2571904E00934F9C /* FirstScreenTMViewController.swift */ = {isa = PBXFileReference; lastKnownFileType = sourcecode.swift; path = FirstScreenTMViewController.swift; sourceTree = "<group>"; };
		01595F0E2571905900934F9C /* FirstScreenTMPresenter.swift */ = {isa = PBXFileReference; lastKnownFileType = sourcecode.swift; path = FirstScreenTMPresenter.swift; sourceTree = "<group>"; };
		01595F0F2571905900934F9C /* FirstScreenTMInteractor.swift */ = {isa = PBXFileReference; lastKnownFileType = sourcecode.swift; path = FirstScreenTMInteractor.swift; sourceTree = "<group>"; };
		01595F142571906D00934F9C /* SecondScreenTMViewController.swift */ = {isa = PBXFileReference; lastKnownFileType = sourcecode.swift; path = SecondScreenTMViewController.swift; sourceTree = "<group>"; };
		01595F182571907B00934F9C /* SecondScreenTMPresenter.swift */ = {isa = PBXFileReference; lastKnownFileType = sourcecode.swift; path = SecondScreenTMPresenter.swift; sourceTree = "<group>"; };
		01595F192571907B00934F9C /* SecondScreenTMInteractor.swift */ = {isa = PBXFileReference; lastKnownFileType = sourcecode.swift; path = SecondScreenTMInteractor.swift; sourceTree = "<group>"; };
		01595F1E257190AD00934F9C /* IzolyatorMainViewController.swift */ = {isa = PBXFileReference; lastKnownFileType = sourcecode.swift; path = IzolyatorMainViewController.swift; sourceTree = "<group>"; };
		01595F22257190BB00934F9C /* IzolyatorMainPresenter.swift */ = {isa = PBXFileReference; lastKnownFileType = sourcecode.swift; path = IzolyatorMainPresenter.swift; sourceTree = "<group>"; };
		01595F23257190BB00934F9C /* IzolyatorMainInteractor.swift */ = {isa = PBXFileReference; lastKnownFileType = sourcecode.swift; path = IzolyatorMainInteractor.swift; sourceTree = "<group>"; };
		015F794D25C358660032BE7B /* ProductListTableViewCell.swift */ = {isa = PBXFileReference; lastKnownFileType = sourcecode.swift; path = ProductListTableViewCell.swift; sourceTree = "<group>"; };
		015F796A25C491990032BE7B /* ArViewController.swift */ = {isa = PBXFileReference; lastKnownFileType = sourcecode.swift; path = ArViewController.swift; sourceTree = "<group>"; };
		015F798625C729BE0032BE7B /* ARViewController.swift */ = {isa = PBXFileReference; lastKnownFileType = sourcecode.swift; path = ARViewController.swift; sourceTree = "<group>"; };
		015F798A25C72B340032BE7B /* art.scnassets */ = {isa = PBXFileReference; lastKnownFileType = wrapper.scnassets; path = art.scnassets; sourceTree = "<group>"; };
		015F798F25C73D590032BE7B /* UIViewController.swift */ = {isa = PBXFileReference; lastKnownFileType = sourcecode.swift; path = UIViewController.swift; sourceTree = "<group>"; };
		0181F45A25C80624002D27F6 /* CatalogModel.swift */ = {isa = PBXFileReference; fileEncoding = 4; lastKnownFileType = sourcecode.swift; name = CatalogModel.swift; path = Ground/SecondModule/Screens/SearchScreen/CatalogModel.swift; sourceTree = SOURCE_ROOT; };
		0187750325A25DEA00C171E5 /* UIView.swift */ = {isa = PBXFileReference; lastKnownFileType = sourcecode.swift; path = UIView.swift; sourceTree = "<group>"; };
		0187750725A25E4400C171E5 /* UIColor+hex.swift */ = {isa = PBXFileReference; lastKnownFileType = sourcecode.swift; path = "UIColor+hex.swift"; sourceTree = "<group>"; };
		0187755625A25F5800C171E5 /* DefaultLayout.swift */ = {isa = PBXFileReference; lastKnownFileType = sourcecode.swift; path = DefaultLayout.swift; sourceTree = "<group>"; };
		0187755E25A260A000C171E5 /* Gap.swift */ = {isa = PBXFileReference; lastKnownFileType = sourcecode.swift; path = Gap.swift; sourceTree = "<group>"; };
		0187756125A260DF00C171E5 /* Padding.swift */ = {isa = PBXFileReference; lastKnownFileType = sourcecode.swift; path = Padding.swift; sourceTree = "<group>"; };
		0187756425A2612600C171E5 /* Margin.swift */ = {isa = PBXFileReference; lastKnownFileType = sourcecode.swift; path = Margin.swift; sourceTree = "<group>"; };
		0187756725A2619400C171E5 /* NSLayoutAnchor.swift */ = {isa = PBXFileReference; lastKnownFileType = sourcecode.swift; path = NSLayoutAnchor.swift; sourceTree = "<group>"; };
		0187756B25A2645200C171E5 /* ScreenSizeMapper.swift */ = {isa = PBXFileReference; lastKnownFileType = sourcecode.swift; path = ScreenSizeMapper.swift; sourceTree = "<group>"; };
		0187757325A265D000C171E5 /* NSLayoutConstraint.swift */ = {isa = PBXFileReference; lastKnownFileType = sourcecode.swift; path = NSLayoutConstraint.swift; sourceTree = "<group>"; };
		0189148D25B0E742004204A4 /* LightPalette.swift */ = {isa = PBXFileReference; lastKnownFileType = sourcecode.swift; path = LightPalette.swift; sourceTree = "<group>"; };
		0189149125B0E7AC004204A4 /* Color.swift */ = {isa = PBXFileReference; lastKnownFileType = sourcecode.swift; path = Color.swift; sourceTree = "<group>"; };
		0189149525B0E7CF004204A4 /* DarkPalette.swift */ = {isa = PBXFileReference; lastKnownFileType = sourcecode.swift; path = DarkPalette.swift; sourceTree = "<group>"; };
		01A24D1325B3B43900D876BE /* ExamleData.swift */ = {isa = PBXFileReference; lastKnownFileType = sourcecode.swift; path = ExamleData.swift; sourceTree = "<group>"; };
		01A24D1625B3B4D800D876BE /* CollapsibleTableViewCell.swift */ = {isa = PBXFileReference; lastKnownFileType = sourcecode.swift; path = CollapsibleTableViewCell.swift; sourceTree = "<group>"; };
		01A24D1B25B3B4F600D876BE /* CollapsibleTableViewHeader.swift */ = {isa = PBXFileReference; lastKnownFileType = sourcecode.swift; path = CollapsibleTableViewHeader.swift; sourceTree = "<group>"; };
		01AC5D0925BC6FB700D21B9A /* UITableView.swift */ = {isa = PBXFileReference; lastKnownFileType = sourcecode.swift; path = UITableView.swift; sourceTree = "<group>"; };
		01AC5D0C25BC782D00D21B9A /* ManualViewController.swift */ = {isa = PBXFileReference; lastKnownFileType = sourcecode.swift; path = ManualViewController.swift; sourceTree = "<group>"; };
		01AC5D0F25BC78C100D21B9A /* manual.pdf */ = {isa = PBXFileReference; lastKnownFileType = image.pdf; path = manual.pdf; sourceTree = "<group>"; };
		01AC5D1825BCD42C00D21B9A /* MainBackGroundView.swift */ = {isa = PBXFileReference; lastKnownFileType = sourcecode.swift; path = MainBackGroundView.swift; sourceTree = "<group>"; };
		01AC5D1D25BE1D1700D21B9A /* ManualHeaderView.swift */ = {isa = PBXFileReference; lastKnownFileType = sourcecode.swift; path = ManualHeaderView.swift; sourceTree = "<group>"; };
		01AF2FC62592ABE40065699A /* converse_obj.obj */ = {isa = PBXFileReference; fileEncoding = 4; lastKnownFileType = text; path = converse_obj.obj; sourceTree = "<group>"; };
		01AF2FC72592ABE40065699A /* laces.jpg */ = {isa = PBXFileReference; lastKnownFileType = image.jpeg; path = laces.jpg; sourceTree = "<group>"; };
		01AF2FC82592ABE40065699A /* converse.jpg */ = {isa = PBXFileReference; lastKnownFileType = image.jpeg; path = converse.jpg; sourceTree = "<group>"; };
		01AF2FC92592ABE40065699A /* converse_bump.jpg */ = {isa = PBXFileReference; lastKnownFileType = image.jpeg; path = converse_bump.jpg; sourceTree = "<group>"; };
		01AF2FCA2592ABE40065699A /* converse_obj.mtl */ = {isa = PBXFileReference; fileEncoding = 4; lastKnownFileType = text; path = converse_obj.mtl; sourceTree = "<group>"; };
		01B1E84025B0F57700648E5C /* LaunchScreen.swift */ = {isa = PBXFileReference; lastKnownFileType = sourcecode.swift; path = LaunchScreen.swift; sourceTree = "<group>"; };
		01B9630C25CDBB4400CEC455 /* UIFont.swift */ = {isa = PBXFileReference; lastKnownFileType = sourcecode.swift; path = UIFont.swift; sourceTree = "<group>"; };
		01D173B825B4947D00E51FBB /* product.pdf */ = {isa = PBXFileReference; lastKnownFileType = image.pdf; path = product.pdf; sourceTree = "<group>"; };
		01D55F5325AB98DF004FB02F /* PagingCollectionViewLayout.swift */ = {isa = PBXFileReference; lastKnownFileType = sourcecode.swift; path = PagingCollectionViewLayout.swift; sourceTree = "<group>"; };
		7A40D6AE49B537F5EC3EEF0C /* Pods-Izolyator.debug.xcconfig */ = {isa = PBXFileReference; includeInIndex = 1; lastKnownFileType = text.xcconfig; name = "Pods-Izolyator.debug.xcconfig"; path = "Target Support Files/Pods-Izolyator/Pods-Izolyator.debug.xcconfig"; sourceTree = "<group>"; };
		9583DF7FFAA2B67A72DE8CDF /* Pods_Izolyator.framework */ = {isa = PBXFileReference; explicitFileType = wrapper.framework; includeInIndex = 0; path = Pods_Izolyator.framework; sourceTree = BUILT_PRODUCTS_DIR; };
		C99BCF8EB9E420C634FA260F /* Pods-Izolyator.release.xcconfig */ = {isa = PBXFileReference; includeInIndex = 1; lastKnownFileType = text.xcconfig; name = "Pods-Izolyator.release.xcconfig"; path = "Target Support Files/Pods-Izolyator/Pods-Izolyator.release.xcconfig"; sourceTree = "<group>"; };
/* End PBXFileReference section */

/* Begin PBXFrameworksBuildPhase section */
		01141DE925669E6500E8CDE2 /* Frameworks */ = {
			isa = PBXFrameworksBuildPhase;
			buildActionMask = 2147483647;
			files = (
				9F4E9504395533B5147B4607 /* Pods_Izolyator.framework in Frameworks */,
			);
			runOnlyForDeploymentPostprocessing = 0;
		};
/* End PBXFrameworksBuildPhase section */

/* Begin PBXGroup section */
		01141DE325669E6500E8CDE2 = {
			isa = PBXGroup;
			children = (
				01141DEE25669E6500E8CDE2 /* Ground */,
				01141DED25669E6500E8CDE2 /* Products */,
				4C961B8CB3F8658D8EDA854B /* Pods */,
				0C3FA4BF6BCC2427654E41E5 /* Frameworks */,
			);
			sourceTree = "<group>";
		};
		01141DED25669E6500E8CDE2 /* Products */ = {
			isa = PBXGroup;
			children = (
				01141DEC25669E6500E8CDE2 /* Izolyator.app */,
			);
			name = Products;
			sourceTree = "<group>";
		};
		01141DEE25669E6500E8CDE2 /* Ground */ = {
			isa = PBXGroup;
			children = (
				01141DEF25669E6500E8CDE2 /* AppDelegate.swift */,
				01141DF125669E6500E8CDE2 /* SceneDelegate.swift */,
				01141E062566A03400E8CDE2 /* DesignSystem */,
				01141E072566A04600E8CDE2 /* Resources */,
				01141E082566A05C00E8CDE2 /* Assembly */,
				01141E092566A06E00E8CDE2 /* FirstModule */,
				01141E0A2566A0B700E8CDE2 /* SecondModule */,
				01141E0B2566A0E800E8CDE2 /* ThirdModule */,
				01141E1D2566A23D00E8CDE2 /* API Services */,
				01141E1E2566A27700E8CDE2 /* CoreDataService */,
				01141E0025669E6600E8CDE2 /* Info.plist */,
			);
			path = Ground;
			sourceTree = "<group>";
		};
		01141E062566A03400E8CDE2 /* DesignSystem */ = {
			isa = PBXGroup;
			children = (
				0187756B25A2645200C171E5 /* ScreenSizeMapper.swift */,
				0187755925A2600400C171E5 /* Layout */,
				011CF3CB25AE425E00C27121 /* Views */,
				0189148C25B0E71D004204A4 /* Palette */,
				0187757625A265E400C171E5 /* Extensions */,
			);
			path = DesignSystem;
			sourceTree = "<group>";
		};
		01141E072566A04600E8CDE2 /* Resources */ = {
			isa = PBXGroup;
			children = (
				015F798A25C72B340032BE7B /* art.scnassets */,
				01AF2FB52592AB180065699A /* 3DModels */,
				01141DFD25669E6600E8CDE2 /* LaunchScreen.storyboard */,
				01141DFB25669E6600E8CDE2 /* Assets.xcassets */,
				01AC5D0F25BC78C100D21B9A /* manual.pdf */,
				01D173B825B4947D00E51FBB /* product.pdf */,
			);
			path = Resources;
			sourceTree = "<group>";
		};
		01141E082566A05C00E8CDE2 /* Assembly */ = {
			isa = PBXGroup;
			children = (
				01141E0E2566A14A00E8CDE2 /* GroundAssembly.swift */,
				01141E102566A15A00E8CDE2 /* GroundCoordinator.swift */,
				01141E0C2566A11400E8CDE2 /* TabBarController */,
				01141E0D2566A11F00E8CDE2 /* NavigationControllers */,
			);
			path = Assembly;
			sourceTree = "<group>";
		};
		01141E092566A06E00E8CDE2 /* FirstModule */ = {
			isa = PBXGroup;
			children = (
				01141E122566A1A500E8CDE2 /* Screens */,
			);
			path = FirstModule;
			sourceTree = "<group>";
		};
		01141E0A2566A0B700E8CDE2 /* SecondModule */ = {
			isa = PBXGroup;
			children = (
				01141E172566A1EF00E8CDE2 /* Screens */,
			);
			path = SecondModule;
			sourceTree = "<group>";
		};
		01141E0B2566A0E800E8CDE2 /* ThirdModule */ = {
			isa = PBXGroup;
			children = (
				01141E1C2566A20B00E8CDE2 /* Screens */,
				01141E1B2566A20700E8CDE2 /* Models */,
				01141E1A2566A20000E8CDE2 /* Cells */,
			);
			path = ThirdModule;
			sourceTree = "<group>";
		};
		01141E0C2566A11400E8CDE2 /* TabBarController */ = {
			isa = PBXGroup;
			children = (
				01595ED42571876200934F9C /* GroundTabBarController.swift */,
				01595ED62571877600934F9C /* GroundTabBarPresenter.swift */,
				01595ED82571879400934F9C /* GroundTabBarInteractor.swift */,
			);
			path = TabBarController;
			sourceTree = "<group>";
		};
		01141E0D2566A11F00E8CDE2 /* NavigationControllers */ = {
			isa = PBXGroup;
			children = (
				01595EDA2571892C00934F9C /* FirstNavigationController.swift */,
				01595EDC2571897100934F9C /* SecondNavigationController.swift */,
				01595EDE257189B100934F9C /* ThirdNavigationController.swift */,
			);
			path = NavigationControllers;
			sourceTree = "<group>";
		};
		01141E122566A1A500E8CDE2 /* Screens */ = {
			isa = PBXGroup;
			children = (
				01B1E84025B0F57700648E5C /* LaunchScreen.swift */,
				01141E132566A1B200E8CDE2 /* MainScreen */,
				015F798525C7294E0032BE7B /* ARScreen */,
				01141E142566A1C100E8CDE2 /*  PDFScreen */,
				01D173C225B4AE4400E51FBB /* ManualDiagrammScreen */,
				01141E152566A1D500E8CDE2 /* Models */,
				01141E162566A1E100E8CDE2 /* Cells */,
			);
			path = Screens;
			sourceTree = "<group>";
		};
		01141E132566A1B200E8CDE2 /* MainScreen */ = {
			isa = PBXGroup;
			children = (
				01A24D2825B45E0A00D876BE /* Flow */,
				01A24D2625B45D6500D876BE /* ExtaViews */,
				015F797A25C725FC0032BE7B /* Model */,
			);
			path = MainScreen;
			sourceTree = "<group>";
		};
		01141E142566A1C100E8CDE2 /*  PDFScreen */ = {
			isa = PBXGroup;
			children = (
				01595EE825718E3900934F9C /* ProductDetailViewController.swift */,
				01595EEC25718E7900934F9C /* ProductDetailPresenter.swift */,
				01595EED25718E7900934F9C /* ProductDetailInteractor.swift */,
				01AC5D0C25BC782D00D21B9A /* ManualViewController.swift */,
			);
			path = " PDFScreen";
			sourceTree = "<group>";
		};
		01141E152566A1D500E8CDE2 /* Models */ = {
			isa = PBXGroup;
			children = (
				01595EE625718C6E00934F9C /* FirstModel.swift */,
			);
			path = Models;
			sourceTree = "<group>";
		};
		01141E162566A1E100E8CDE2 /* Cells */ = {
			isa = PBXGroup;
			children = (
				011CF3BF25AE2C1E00C27121 /* ProductTableViewCell.swift */,
				01A24D1625B3B4D800D876BE /* CollapsibleTableViewCell.swift */,
				011CF3C225AE2C3200C27121 /* ProductInfoTableViewCell.swift */,
				013456D525B8DF4000CB42C4 /* YouTubeTableViewCell.swift */,
			);
			name = Cells;
			path = ../Cells;
			sourceTree = "<group>";
		};
		01141E172566A1EF00E8CDE2 /* Screens */ = {
			isa = PBXGroup;
			children = (
				01595EFC25718ECA00934F9C /* SearchScreen */,
				01595EFD25718ED100934F9C /* SecondScreen */,
				01141E192566A1FC00E8CDE2 /* Model */,
				01141E182566A1F700E8CDE2 /* Cells */,
			);
			path = Screens;
			sourceTree = "<group>";
		};
		01141E182566A1F700E8CDE2 /* Cells */ = {
			isa = PBXGroup;
			children = (
				015F794D25C358660032BE7B /* ProductListTableViewCell.swift */,
			);
			name = Cells;
			path = ../Cells;
			sourceTree = "<group>";
		};
		01141E192566A1FC00E8CDE2 /* Model */ = {
			isa = PBXGroup;
			children = (
				0181F45A25C80624002D27F6 /* CatalogModel.swift */,
			);
			name = Model;
			path = ../Model;
			sourceTree = "<group>";
		};
		01141E1A2566A20000E8CDE2 /* Cells */ = {
			isa = PBXGroup;
			children = (
			);
			path = Cells;
			sourceTree = "<group>";
		};
		01141E1B2566A20700E8CDE2 /* Models */ = {
			isa = PBXGroup;
			children = (
			);
			path = Models;
			sourceTree = "<group>";
		};
		01141E1C2566A20B00E8CDE2 /* Screens */ = {
			isa = PBXGroup;
			children = (
				01595EFF25718F0A00934F9C /* FirstScreen */,
				01595EFE25718F0200934F9C /* SecondScreen */,
			);
			path = Screens;
			sourceTree = "<group>";
		};
		01141E1D2566A23D00E8CDE2 /* API Services */ = {
			isa = PBXGroup;
			children = (
				01595EE025718B5F00934F9C /* ServiceAssembly.swift */,
				01595EE225718B7500934F9C /* FirstService.swift */,
				01595EE425718BB800934F9C /* SecondService.swift */,
			);
			path = "API Services";
			sourceTree = "<group>";
		};
		01141E1E2566A27700E8CDE2 /* CoreDataService */ = {
			isa = PBXGroup;
			children = (
				01141DF825669E6500E8CDE2 /* Ground.xcdatamodeld */,
			);
			path = CoreDataService;
			sourceTree = "<group>";
		};
		011CF3CB25AE425E00C27121 /* Views */ = {
			isa = PBXGroup;
			children = (
				011CF3CC25AE429500C27121 /* PaginationCollectionView.swift */,
				0134572E25BA0E4500CB42C4 /* ButtonWithArrow.swift */,
			);
			path = Views;
			sourceTree = "<group>";
		};
		01595EFC25718ECA00934F9C /* SearchScreen */ = {
			isa = PBXGroup;
			children = (
				01595F002571901E00934F9C /* SearchViewController.swift */,
				01595F042571902C00934F9C /* SearchPresenter.swift */,
				01595F052571902C00934F9C /* FirstScreenSMInteractor.swift */,
				015F796A25C491990032BE7B /* ArViewController.swift */,
			);
			path = SearchScreen;
			sourceTree = "<group>";
		};
		01595EFD25718ED100934F9C /* SecondScreen */ = {
			isa = PBXGroup;
			children = (
				01595EF225718EA100934F9C /* SecondScreenSMViewController.swift */,
				01595EF625718EBD00934F9C /* SecondScreenSMPresenter.swift */,
				01595EF725718EBD00934F9C /* SecondScreenSMInteractor.swift */,
			);
			path = SecondScreen;
			sourceTree = "<group>";
		};
		01595EFE25718F0200934F9C /* SecondScreen */ = {
			isa = PBXGroup;
			children = (
				01595F142571906D00934F9C /* SecondScreenTMViewController.swift */,
				01595F182571907B00934F9C /* SecondScreenTMPresenter.swift */,
				01595F192571907B00934F9C /* SecondScreenTMInteractor.swift */,
			);
			path = SecondScreen;
			sourceTree = "<group>";
		};
		01595EFF25718F0A00934F9C /* FirstScreen */ = {
			isa = PBXGroup;
			children = (
				01595F0A2571904E00934F9C /* FirstScreenTMViewController.swift */,
				01595F0E2571905900934F9C /* FirstScreenTMPresenter.swift */,
				01595F0F2571905900934F9C /* FirstScreenTMInteractor.swift */,
			);
			path = FirstScreen;
			sourceTree = "<group>";
		};
		015F797A25C725FC0032BE7B /* Model */ = {
			isa = PBXGroup;
			children = (
				01A24D1325B3B43900D876BE /* ExamleData.swift */,
			);
			path = Model;
			sourceTree = "<group>";
		};
		015F798525C7294E0032BE7B /* ARScreen */ = {
			isa = PBXGroup;
			children = (
				015F798625C729BE0032BE7B /* ARViewController.swift */,
			);
			path = ARScreen;
			sourceTree = "<group>";
		};
		0187755925A2600400C171E5 /* Layout */ = {
			isa = PBXGroup;
			children = (
				0187755625A25F5800C171E5 /* DefaultLayout.swift */,
				0187755E25A260A000C171E5 /* Gap.swift */,
				0187756125A260DF00C171E5 /* Padding.swift */,
				0187756425A2612600C171E5 /* Margin.swift */,
				01D55F5325AB98DF004FB02F /* PagingCollectionViewLayout.swift */,
			);
			path = Layout;
			sourceTree = "<group>";
		};
		0187757625A265E400C171E5 /* Extensions */ = {
			isa = PBXGroup;
			children = (
				0187750325A25DEA00C171E5 /* UIView.swift */,
				0187750725A25E4400C171E5 /* UIColor+hex.swift */,
				0187757325A265D000C171E5 /* NSLayoutConstraint.swift */,
				0187756725A2619400C171E5 /* NSLayoutAnchor.swift */,
				011CF3CF25AE5EB700C27121 /* Array.swift */,
				01AC5D0925BC6FB700D21B9A /* UITableView.swift */,
				015F798F25C73D590032BE7B /* UIViewController.swift */,
				01B9630C25CDBB4400CEC455 /* UIFont.swift */,
			);
			path = Extensions;
			sourceTree = "<group>";
		};
		0189148C25B0E71D004204A4 /* Palette */ = {
			isa = PBXGroup;
			children = (
				0189149125B0E7AC004204A4 /* Color.swift */,
				0189148D25B0E742004204A4 /* LightPalette.swift */,
				0189149525B0E7CF004204A4 /* DarkPalette.swift */,
				01488AAB25CC90D30096D994 /* AppColor.swift */,
			);
			path = Palette;
			sourceTree = "<group>";
		};
		01A24D2625B45D6500D876BE /* ExtaViews */ = {
			isa = PBXGroup;
			children = (
				01A24D1B25B3B4F600D876BE /* CollapsibleTableViewHeader.swift */,
				011CF3DB25AFA8CB00C27121 /* MultipleView.swift */,
				01AC5D1825BCD42C00D21B9A /* MainBackGroundView.swift */,
				01488A9025CB33800096D994 /* NavigationBar.swift */,
			);
			path = ExtaViews;
			sourceTree = "<group>";
		};
		01A24D2825B45E0A00D876BE /* Flow */ = {
			isa = PBXGroup;
			children = (
				01595F1E257190AD00934F9C /* IzolyatorMainViewController.swift */,
				01595F22257190BB00934F9C /* IzolyatorMainPresenter.swift */,
				01595F23257190BB00934F9C /* IzolyatorMainInteractor.swift */,
			);
			path = Flow;
			sourceTree = "<group>";
		};
		01AF2FB52592AB180065699A /* 3DModels */ = {
			isa = PBXGroup;
			children = (
				01AF2FC92592ABE40065699A /* converse_bump.jpg */,
				01AF2FCA2592ABE40065699A /* converse_obj.mtl */,
				01AF2FC62592ABE40065699A /* converse_obj.obj */,
				01AF2FC82592ABE40065699A /* converse.jpg */,
				01AF2FC72592ABE40065699A /* laces.jpg */,
			);
			path = 3DModels;
			sourceTree = "<group>";
		};
		01D173C225B4AE4400E51FBB /* ManualDiagrammScreen */ = {
			isa = PBXGroup;
			children = (
				013456CE25B8DA9A00CB42C4 /* InstallationProductViewController.swift */,
				013456D825B8E21300CB42C4 /* YouTubePresenter.swift */,
				013456DB25B8E22100CB42C4 /* YouTubeInteractor.swift */,
				01AC5D1D25BE1D1700D21B9A /* ManualHeaderView.swift */,
			);
			path = ManualDiagrammScreen;
			sourceTree = "<group>";
		};
		0C3FA4BF6BCC2427654E41E5 /* Frameworks */ = {
			isa = PBXGroup;
			children = (
				9583DF7FFAA2B67A72DE8CDF /* Pods_Izolyator.framework */,
			);
			name = Frameworks;
			sourceTree = "<group>";
		};
		4C961B8CB3F8658D8EDA854B /* Pods */ = {
			isa = PBXGroup;
			children = (
				7A40D6AE49B537F5EC3EEF0C /* Pods-Izolyator.debug.xcconfig */,
				C99BCF8EB9E420C634FA260F /* Pods-Izolyator.release.xcconfig */,
			);
			path = Pods;
			sourceTree = "<group>";
		};
/* End PBXGroup section */

/* Begin PBXNativeTarget section */
		01141DEB25669E6500E8CDE2 /* Izolyator */ = {
			isa = PBXNativeTarget;
			buildConfigurationList = 01141E0325669E6600E8CDE2 /* Build configuration list for PBXNativeTarget "Izolyator" */;
			buildPhases = (
				E6B89E58D602B1344C5DAFA9 /* [CP] Check Pods Manifest.lock */,
				01141DE825669E6500E8CDE2 /* Sources */,
				01141DE925669E6500E8CDE2 /* Frameworks */,
				01141DEA25669E6500E8CDE2 /* Resources */,
				02F0821C75312EF853303299 /* [CP] Embed Pods Frameworks */,
			);
			buildRules = (
			);
			dependencies = (
			);
			name = Izolyator;
			productName = Ground;
			productReference = 01141DEC25669E6500E8CDE2 /* Izolyator.app */;
			productType = "com.apple.product-type.application";
		};
/* End PBXNativeTarget section */

/* Begin PBXProject section */
		01141DE425669E6500E8CDE2 /* Project object */ = {
			isa = PBXProject;
			attributes = {
				LastSwiftUpdateCheck = 1130;
				LastUpgradeCheck = 1130;
				ORGANIZATIONNAME = "Splash Fire";
				TargetAttributes = {
					01141DEB25669E6500E8CDE2 = {
						CreatedOnToolsVersion = 11.3.1;
					};
				};
			};
			buildConfigurationList = 01141DE725669E6500E8CDE2 /* Build configuration list for PBXProject "Izolyator" */;
			compatibilityVersion = "Xcode 9.3";
			developmentRegion = en;
			hasScannedForEncodings = 0;
			knownRegions = (
				en,
				Base,
			);
			mainGroup = 01141DE325669E6500E8CDE2;
			productRefGroup = 01141DED25669E6500E8CDE2 /* Products */;
			projectDirPath = "";
			projectRoot = "";
			targets = (
				01141DEB25669E6500E8CDE2 /* Izolyator */,
			);
		};
/* End PBXProject section */

/* Begin PBXResourcesBuildPhase section */
		01141DEA25669E6500E8CDE2 /* Resources */ = {
			isa = PBXResourcesBuildPhase;
			buildActionMask = 2147483647;
			files = (
				01AF2FCE2592ABE40065699A /* converse_bump.jpg in Resources */,
				01AC5D1025BC78C100D21B9A /* manual.pdf in Resources */,
				01AF2FCC2592ABE40065699A /* laces.jpg in Resources */,
				01AF2FCD2592ABE40065699A /* converse.jpg in Resources */,
				01141DFF25669E6600E8CDE2 /* LaunchScreen.storyboard in Resources */,
				01D173B925B4947D00E51FBB /* product.pdf in Resources */,
				01AF2FCB2592ABE40065699A /* converse_obj.obj in Resources */,
				015F798B25C72B340032BE7B /* art.scnassets in Resources */,
				01141DFC25669E6600E8CDE2 /* Assets.xcassets in Resources */,
				01AF2FCF2592ABE40065699A /* converse_obj.mtl in Resources */,
			);
			runOnlyForDeploymentPostprocessing = 0;
		};
/* End PBXResourcesBuildPhase section */

/* Begin PBXShellScriptBuildPhase section */
		02F0821C75312EF853303299 /* [CP] Embed Pods Frameworks */ = {
			isa = PBXShellScriptBuildPhase;
			buildActionMask = 2147483647;
			files = (
			);
			inputFileListPaths = (
				"${PODS_ROOT}/Target Support Files/Pods-Izolyator/Pods-Izolyator-frameworks-${CONFIGURATION}-input-files.xcfilelist",
			);
			name = "[CP] Embed Pods Frameworks";
			outputFileListPaths = (
				"${PODS_ROOT}/Target Support Files/Pods-Izolyator/Pods-Izolyator-frameworks-${CONFIGURATION}-output-files.xcfilelist",
			);
			runOnlyForDeploymentPostprocessing = 0;
			shellPath = /bin/sh;
			shellScript = "\"${PODS_ROOT}/Target Support Files/Pods-Izolyator/Pods-Izolyator-frameworks.sh\"\n";
			showEnvVarsInLog = 0;
		};
		E6B89E58D602B1344C5DAFA9 /* [CP] Check Pods Manifest.lock */ = {
			isa = PBXShellScriptBuildPhase;
			buildActionMask = 2147483647;
			files = (
			);
			inputFileListPaths = (
			);
			inputPaths = (
				"${PODS_PODFILE_DIR_PATH}/Podfile.lock",
				"${PODS_ROOT}/Manifest.lock",
			);
			name = "[CP] Check Pods Manifest.lock";
			outputFileListPaths = (
			);
			outputPaths = (
				"$(DERIVED_FILE_DIR)/Pods-Izolyator-checkManifestLockResult.txt",
			);
			runOnlyForDeploymentPostprocessing = 0;
			shellPath = /bin/sh;
			shellScript = "diff \"${PODS_PODFILE_DIR_PATH}/Podfile.lock\" \"${PODS_ROOT}/Manifest.lock\" > /dev/null\nif [ $? != 0 ] ; then\n    # print error to STDERR\n    echo \"error: The sandbox is not in sync with the Podfile.lock. Run 'pod install' or update your CocoaPods installation.\" >&2\n    exit 1\nfi\n# This output is used by Xcode 'outputs' to avoid re-running this script phase.\necho \"SUCCESS\" > \"${SCRIPT_OUTPUT_FILE_0}\"\n";
			showEnvVarsInLog = 0;
		};
/* End PBXShellScriptBuildPhase section */

/* Begin PBXSourcesBuildPhase section */
		01141DE825669E6500E8CDE2 /* Sources */ = {
			isa = PBXSourcesBuildPhase;
			buildActionMask = 2147483647;
			files = (
				01B1E84125B0F57700648E5C /* LaunchScreen.swift in Sources */,
				01595F162571906D00934F9C /* SecondScreenTMViewController.swift in Sources */,
				0187755725A25F5800C171E5 /* DefaultLayout.swift in Sources */,
				01A24D1725B3B4D800D876BE /* CollapsibleTableViewCell.swift in Sources */,
				011CF3D025AE5EB700C27121 /* Array.swift in Sources */,
				01595F022571901E00934F9C /* SearchViewController.swift in Sources */,
				01488A9125CB33800096D994 /* NavigationBar.swift in Sources */,
				01595F122571905900934F9C /* FirstScreenTMInteractor.swift in Sources */,
				01595EF425718EA100934F9C /* SecondScreenSMViewController.swift in Sources */,
				01488AAC25CC90D30096D994 /* AppColor.swift in Sources */,
				01A24D1425B3B43900D876BE /* ExamleData.swift in Sources */,
				01595F20257190AD00934F9C /* IzolyatorMainViewController.swift in Sources */,
				01595F26257190BB00934F9C /* IzolyatorMainInteractor.swift in Sources */,
				01595EFA25718EBD00934F9C /* SecondScreenSMInteractor.swift in Sources */,
				01595F112571905900934F9C /* FirstScreenTMPresenter.swift in Sources */,
				011CF3C325AE2C3200C27121 /* ProductInfoTableViewCell.swift in Sources */,
				015F799025C73D590032BE7B /* UIViewController.swift in Sources */,
				01AC5D1E25BE1D1700D21B9A /* ManualHeaderView.swift in Sources */,
				0134572F25BA0E4500CB42C4 /* ButtonWithArrow.swift in Sources */,
				01595F072571902C00934F9C /* SearchPresenter.swift in Sources */,
				0187755F25A260A000C171E5 /* Gap.swift in Sources */,
				01AC5D0D25BC782D00D21B9A /* ManualViewController.swift in Sources */,
				0187756C25A2645200C171E5 /* ScreenSizeMapper.swift in Sources */,
				01595F082571902C00934F9C /* FirstScreenSMInteractor.swift in Sources */,
				0189149225B0E7AC004204A4 /* Color.swift in Sources */,
				0187750825A25E4400C171E5 /* UIColor+hex.swift in Sources */,
				01595EE125718B5F00934F9C /* ServiceAssembly.swift in Sources */,
				013456CF25B8DA9A00CB42C4 /* InstallationProductViewController.swift in Sources */,
				0189148E25B0E742004204A4 /* LightPalette.swift in Sources */,
				01595EE325718B7500934F9C /* FirstService.swift in Sources */,
				011CF3DC25AFA8CB00C27121 /* MultipleView.swift in Sources */,
				013456D925B8E21300CB42C4 /* YouTubePresenter.swift in Sources */,
				01595F25257190BB00934F9C /* IzolyatorMainPresenter.swift in Sources */,
				01595F1B2571907B00934F9C /* SecondScreenTMPresenter.swift in Sources */,
				01595F0C2571904E00934F9C /* FirstScreenTMViewController.swift in Sources */,
				01595EEA25718E3900934F9C /* ProductDetailViewController.swift in Sources */,
				01A24D1C25B3B4F600D876BE /* CollapsibleTableViewHeader.swift in Sources */,
				01595EDF257189B100934F9C /* ThirdNavigationController.swift in Sources */,
				01D55F5425AB98DF004FB02F /* PagingCollectionViewLayout.swift in Sources */,
				01595EE725718C6E00934F9C /* FirstModel.swift in Sources */,
				015F798725C729BE0032BE7B /* ARViewController.swift in Sources */,
				0187756225A260DF00C171E5 /* Padding.swift in Sources */,
				01595ED92571879400934F9C /* GroundTabBarInteractor.swift in Sources */,
				0189149625B0E7CF004204A4 /* DarkPalette.swift in Sources */,
				01B9630D25CDBB4400CEC455 /* UIFont.swift in Sources */,
				01595EDB2571892C00934F9C /* FirstNavigationController.swift in Sources */,
				01AC5D0A25BC6FB700D21B9A /* UITableView.swift in Sources */,
				011CF3CD25AE429500C27121 /* PaginationCollectionView.swift in Sources */,
				0187756825A2619400C171E5 /* NSLayoutAnchor.swift in Sources */,
				01595ED72571877600934F9C /* GroundTabBarPresenter.swift in Sources */,
				01595F1C2571907B00934F9C /* SecondScreenTMInteractor.swift in Sources */,
				01595EF925718EBD00934F9C /* SecondScreenSMPresenter.swift in Sources */,
				01141DF025669E6500E8CDE2 /* AppDelegate.swift in Sources */,
				01141DFA25669E6500E8CDE2 /* Ground.xcdatamodeld in Sources */,
				01595EEF25718E7900934F9C /* ProductDetailPresenter.swift in Sources */,
				013456DC25B8E22100CB42C4 /* YouTubeInteractor.swift in Sources */,
				0181F45B25C80624002D27F6 /* CatalogModel.swift in Sources */,
				01141DF225669E6500E8CDE2 /* SceneDelegate.swift in Sources */,
				013456D625B8DF4000CB42C4 /* YouTubeTableViewCell.swift in Sources */,
				01141E0F2566A14A00E8CDE2 /* GroundAssembly.swift in Sources */,
				0187757425A265D000C171E5 /* NSLayoutConstraint.swift in Sources */,
				015F796B25C491990032BE7B /* ArViewController.swift in Sources */,
				01AC5D1925BCD42C00D21B9A /* MainBackGroundView.swift in Sources */,
				0187756525A2612600C171E5 /* Margin.swift in Sources */,
				011CF3C025AE2C1E00C27121 /* ProductTableViewCell.swift in Sources */,
				015F794E25C358660032BE7B /* ProductListTableViewCell.swift in Sources */,
				01595EE525718BB800934F9C /* SecondService.swift in Sources */,
				0187750425A25DEA00C171E5 /* UIView.swift in Sources */,
				01141E112566A15A00E8CDE2 /* GroundCoordinator.swift in Sources */,
				01595ED52571876200934F9C /* GroundTabBarController.swift in Sources */,
				01595EDD2571897100934F9C /* SecondNavigationController.swift in Sources */,
				01595EF025718E7900934F9C /* ProductDetailInteractor.swift in Sources */,
			);
			runOnlyForDeploymentPostprocessing = 0;
		};
/* End PBXSourcesBuildPhase section */

/* Begin PBXVariantGroup section */
		01141DFD25669E6600E8CDE2 /* LaunchScreen.storyboard */ = {
			isa = PBXVariantGroup;
			children = (
				01141DFE25669E6600E8CDE2 /* Base */,
			);
			name = LaunchScreen.storyboard;
			sourceTree = "<group>";
		};
/* End PBXVariantGroup section */

/* Begin XCBuildConfiguration section */
		01141E0125669E6600E8CDE2 /* Debug */ = {
			isa = XCBuildConfiguration;
			buildSettings = {
				ALWAYS_SEARCH_USER_PATHS = NO;
				CLANG_ANALYZER_NONNULL = YES;
				CLANG_ANALYZER_NUMBER_OBJECT_CONVERSION = YES_AGGRESSIVE;
				CLANG_CXX_LANGUAGE_STANDARD = "gnu++14";
				CLANG_CXX_LIBRARY = "libc++";
				CLANG_ENABLE_MODULES = YES;
				CLANG_ENABLE_OBJC_ARC = YES;
				CLANG_ENABLE_OBJC_WEAK = YES;
				CLANG_WARN_BLOCK_CAPTURE_AUTORELEASING = YES;
				CLANG_WARN_BOOL_CONVERSION = YES;
				CLANG_WARN_COMMA = YES;
				CLANG_WARN_CONSTANT_CONVERSION = YES;
				CLANG_WARN_DEPRECATED_OBJC_IMPLEMENTATIONS = YES;
				CLANG_WARN_DIRECT_OBJC_ISA_USAGE = YES_ERROR;
				CLANG_WARN_DOCUMENTATION_COMMENTS = YES;
				CLANG_WARN_EMPTY_BODY = YES;
				CLANG_WARN_ENUM_CONVERSION = YES;
				CLANG_WARN_INFINITE_RECURSION = YES;
				CLANG_WARN_INT_CONVERSION = YES;
				CLANG_WARN_NON_LITERAL_NULL_CONVERSION = YES;
				CLANG_WARN_OBJC_IMPLICIT_RETAIN_SELF = YES;
				CLANG_WARN_OBJC_LITERAL_CONVERSION = YES;
				CLANG_WARN_OBJC_ROOT_CLASS = YES_ERROR;
				CLANG_WARN_RANGE_LOOP_ANALYSIS = YES;
				CLANG_WARN_STRICT_PROTOTYPES = YES;
				CLANG_WARN_SUSPICIOUS_MOVE = YES;
				CLANG_WARN_UNGUARDED_AVAILABILITY = YES_AGGRESSIVE;
				CLANG_WARN_UNREACHABLE_CODE = YES;
				CLANG_WARN__DUPLICATE_METHOD_MATCH = YES;
				COPY_PHASE_STRIP = NO;
				DEBUG_INFORMATION_FORMAT = dwarf;
				ENABLE_STRICT_OBJC_MSGSEND = YES;
				ENABLE_TESTABILITY = YES;
				GCC_C_LANGUAGE_STANDARD = gnu11;
				GCC_DYNAMIC_NO_PIC = NO;
				GCC_NO_COMMON_BLOCKS = YES;
				GCC_OPTIMIZATION_LEVEL = 0;
				GCC_PREPROCESSOR_DEFINITIONS = (
					"DEBUG=1",
					"$(inherited)",
				);
				GCC_WARN_64_TO_32_BIT_CONVERSION = YES;
				GCC_WARN_ABOUT_RETURN_TYPE = YES_ERROR;
				GCC_WARN_UNDECLARED_SELECTOR = YES;
				GCC_WARN_UNINITIALIZED_AUTOS = YES_AGGRESSIVE;
				GCC_WARN_UNUSED_FUNCTION = YES;
				GCC_WARN_UNUSED_VARIABLE = YES;
				IPHONEOS_DEPLOYMENT_TARGET = 13.2;
				MTL_ENABLE_DEBUG_INFO = INCLUDE_SOURCE;
				MTL_FAST_MATH = YES;
				ONLY_ACTIVE_ARCH = YES;
				SDKROOT = iphoneos;
				SWIFT_ACTIVE_COMPILATION_CONDITIONS = DEBUG;
				SWIFT_OPTIMIZATION_LEVEL = "-Onone";
			};
			name = Debug;
		};
		01141E0225669E6600E8CDE2 /* Release */ = {
			isa = XCBuildConfiguration;
			buildSettings = {
				ALWAYS_SEARCH_USER_PATHS = NO;
				CLANG_ANALYZER_NONNULL = YES;
				CLANG_ANALYZER_NUMBER_OBJECT_CONVERSION = YES_AGGRESSIVE;
				CLANG_CXX_LANGUAGE_STANDARD = "gnu++14";
				CLANG_CXX_LIBRARY = "libc++";
				CLANG_ENABLE_MODULES = YES;
				CLANG_ENABLE_OBJC_ARC = YES;
				CLANG_ENABLE_OBJC_WEAK = YES;
				CLANG_WARN_BLOCK_CAPTURE_AUTORELEASING = YES;
				CLANG_WARN_BOOL_CONVERSION = YES;
				CLANG_WARN_COMMA = YES;
				CLANG_WARN_CONSTANT_CONVERSION = YES;
				CLANG_WARN_DEPRECATED_OBJC_IMPLEMENTATIONS = YES;
				CLANG_WARN_DIRECT_OBJC_ISA_USAGE = YES_ERROR;
				CLANG_WARN_DOCUMENTATION_COMMENTS = YES;
				CLANG_WARN_EMPTY_BODY = YES;
				CLANG_WARN_ENUM_CONVERSION = YES;
				CLANG_WARN_INFINITE_RECURSION = YES;
				CLANG_WARN_INT_CONVERSION = YES;
				CLANG_WARN_NON_LITERAL_NULL_CONVERSION = YES;
				CLANG_WARN_OBJC_IMPLICIT_RETAIN_SELF = YES;
				CLANG_WARN_OBJC_LITERAL_CONVERSION = YES;
				CLANG_WARN_OBJC_ROOT_CLASS = YES_ERROR;
				CLANG_WARN_RANGE_LOOP_ANALYSIS = YES;
				CLANG_WARN_STRICT_PROTOTYPES = YES;
				CLANG_WARN_SUSPICIOUS_MOVE = YES;
				CLANG_WARN_UNGUARDED_AVAILABILITY = YES_AGGRESSIVE;
				CLANG_WARN_UNREACHABLE_CODE = YES;
				CLANG_WARN__DUPLICATE_METHOD_MATCH = YES;
				COPY_PHASE_STRIP = NO;
				DEBUG_INFORMATION_FORMAT = "dwarf-with-dsym";
				ENABLE_NS_ASSERTIONS = NO;
				ENABLE_STRICT_OBJC_MSGSEND = YES;
				GCC_C_LANGUAGE_STANDARD = gnu11;
				GCC_NO_COMMON_BLOCKS = YES;
				GCC_WARN_64_TO_32_BIT_CONVERSION = YES;
				GCC_WARN_ABOUT_RETURN_TYPE = YES_ERROR;
				GCC_WARN_UNDECLARED_SELECTOR = YES;
				GCC_WARN_UNINITIALIZED_AUTOS = YES_AGGRESSIVE;
				GCC_WARN_UNUSED_FUNCTION = YES;
				GCC_WARN_UNUSED_VARIABLE = YES;
				IPHONEOS_DEPLOYMENT_TARGET = 13.2;
				MTL_ENABLE_DEBUG_INFO = NO;
				MTL_FAST_MATH = YES;
				SDKROOT = iphoneos;
				SWIFT_COMPILATION_MODE = wholemodule;
				SWIFT_OPTIMIZATION_LEVEL = "-O";
				VALIDATE_PRODUCT = YES;
			};
			name = Release;
		};
		01141E0425669E6600E8CDE2 /* Debug */ = {
			isa = XCBuildConfiguration;
			baseConfigurationReference = 7A40D6AE49B537F5EC3EEF0C /* Pods-Izolyator.debug.xcconfig */;
			buildSettings = {
				ASSETCATALOG_COMPILER_APPICON_NAME = AppIcon;
				CODE_SIGN_STYLE = Automatic;
				DEVELOPMENT_TEAM = J9HGU53449;
				HEADER_SEARCH_PATHS = (
					"$(inherited)",
					"\"${PODS_CONFIGURATION_BUILD_DIR}/youtube-ios-player-helper/youtube_ios_player_helper.framework/Headers\"",
					"\"${PODS_ROOT}/Headers/Public\"",
					"\"${PODS_ROOT}/Headers/Public/Skyline\"",
				);
				INFOPLIST_FILE = Ground/Info.plist;
				LD_RUNPATH_SEARCH_PATHS = (
					"$(inherited)",
					"@executable_path/Frameworks",
				);
				PRODUCT_BUNDLE_IDENTIFIER = daf000;
				PRODUCT_NAME = "$(TARGET_NAME)";
				SWIFT_VERSION = 5.0;
				TARGETED_DEVICE_FAMILY = "1,2";
			};
			name = Debug;
		};
		01141E0525669E6600E8CDE2 /* Release */ = {
			isa = XCBuildConfiguration;
			baseConfigurationReference = C99BCF8EB9E420C634FA260F /* Pods-Izolyator.release.xcconfig */;
			buildSettings = {
				ASSETCATALOG_COMPILER_APPICON_NAME = AppIcon;
				CODE_SIGN_STYLE = Automatic;
				DEVELOPMENT_TEAM = 9RNG4YX44V;
				INFOPLIST_FILE = Ground/Info.plist;
				LD_RUNPATH_SEARCH_PATHS = (
					"$(inherited)",
					"@executable_path/Frameworks",
				);
				PRODUCT_BUNDLE_IDENTIFIER = eeeeeeboynice;
				PRODUCT_NAME = "$(TARGET_NAME)";
				SWIFT_VERSION = 5.0;
				TARGETED_DEVICE_FAMILY = "1,2";
			};
			name = Release;
		};
/* End XCBuildConfiguration section */

/* Begin XCConfigurationList section */
		01141DE725669E6500E8CDE2 /* Build configuration list for PBXProject "Izolyator" */ = {
			isa = XCConfigurationList;
			buildConfigurations = (
				01141E0125669E6600E8CDE2 /* Debug */,
				01141E0225669E6600E8CDE2 /* Release */,
			);
			defaultConfigurationIsVisible = 0;
			defaultConfigurationName = Release;
		};
		01141E0325669E6600E8CDE2 /* Build configuration list for PBXNativeTarget "Izolyator" */ = {
			isa = XCConfigurationList;
			buildConfigurations = (
				01141E0425669E6600E8CDE2 /* Debug */,
				01141E0525669E6600E8CDE2 /* Release */,
			);
			defaultConfigurationIsVisible = 0;
			defaultConfigurationName = Release;
		};
/* End XCConfigurationList section */

/* Begin XCVersionGroup section */
		01141DF825669E6500E8CDE2 /* Ground.xcdatamodeld */ = {
			isa = XCVersionGroup;
			children = (
				01141DF925669E6500E8CDE2 /* Ground.xcdatamodel */,
			);
			currentVersion = 01141DF925669E6500E8CDE2 /* Ground.xcdatamodel */;
			path = Ground.xcdatamodeld;
			sourceTree = "<group>";
			versionGroupType = wrapper.xcdatamodel;
		};
/* End XCVersionGroup section */
	};
	rootObject = 01141DE425669E6500E8CDE2 /* Project object */;
}
